{
  "name": "hello-world",
  "version": "1.0.0",
  "lockfileVersion": 1,
  "requires": true,
  "dependencies": {
    "ask-sdk-core": {
      "version": "2.0.7",
      "resolved": "https://registry.npmjs.org/ask-sdk-core/-/ask-sdk-core-2.0.7.tgz",
      "integrity": "sha512-L0YoF7ls0iUoo/WYDYj7uDjAFThYZSDjzF8YvLHIEZyzKVgrNNqxetRorUB+odDoctPWW7RV1xcep8F4p7c1jg=="
    },
    "ask-sdk-model": {
      "version": "1.4.1",
      "resolved": "https://registry.npmjs.org/ask-sdk-model/-/ask-sdk-model-1.4.1.tgz",
      "integrity": "sha512-pwpaavszEATrEtVEQSxYgDXj8kkkMh7rQzlIyOsSRdSI/mTJEk9Xb5mPkZw2QTCYsyVWxynWcw07uL6Wehpmmg=="
    },
    "axios": {
      "version": "0.18.0",
      "resolved": "https://registry.npmjs.org/axios/-/axios-0.18.0.tgz",
      "integrity": "sha1-MtU+SFHv3AoRmTts0AB4nXDAUQI=",
      "requires": {
        "follow-redirects": "1.5.4",
        "is-buffer": "1.1.6"
      }
    },
    "debug": {
      "version": "3.1.0",
      "resolved": "https://registry.npmjs.org/debug/-/debug-3.1.0.tgz",
      "integrity": "sha512-OX8XqP7/1a9cqkxYw2yXss15f26NKWBpDXQd0/uK/KPqdQhxbPa994hnzjcE2VqQpDslf55723cKPUOGSmMY3g==",
      "requires": {
        "ms": "2.0.0"
      }
    },
    "follow-redirects": {
      "version": "1.5.4",
      "resolved": "https://registry.npmjs.org/follow-redirects/-/follow-redirects-1.5.4.tgz",
      "integrity": "sha512-qGsq5ExgV2z6YTV2mkqemjo6sy6BaXWwKlNYSmpvBONGdFDcpML0ieQ7iQDDlu82JrMTmft4zrpSFfS8PIPoHA==",
      "requires": {
        "debug": "3.1.0"
      }
    },
    "is-buffer": {
      "version": "1.1.6",
      "resolved": "https://registry.npmjs.org/is-buffer/-/is-buffer-1.1.6.tgz",
      "integrity": "sha512-NcdALwpXkTm5Zvvbk7owOUSvVvBKDgKP5/ewfXEznmQFfs4ZRmanOeKBTjRVjka3QFoN6XJ+9F3USqfHqTaU5w=="
    },
    "ms": {
      "version": "2.0.0",
      "resolved": "https://registry.npmjs.org/ms/-/ms-2.0.0.tgz",
      "integrity": "sha1-VgiurfwAvmwpAd9fmGF4jeDVl8g="
    }
  }
}
